
Microsoft Visual Studio Solution File, Format Version 12.00
# Visual Studio 15
VisualStudioVersion = 15.0.28307.1082
MinimumVisualStudioVersion = 10.0.40219.1
Project("{FAE04EC0-301F-11D3-BF4B-00C04F79EFBC}") = "Homework3", "Homework3\Homework3.csproj", "{B1CA8A68-B787-4137-B839-40523B418A14}"
EndProject
Global
	GlobalSection(SolutionConfigurationPlatforms) = preSolution
		Debug|Any CPU = Debug|Any CPU
		Release|Any CPU = Release|Any CPU
	EndGlobalSection
	GlobalSection(ProjectConfigurationPlatforms) = postSolution
		{B1CA8A68-B787-4137-B839-40523B418A14}.Debug|Any CPU.ActiveCfg = Debug|Any CPU
		{B1CA8A68-B787-4137-B839-40523B418A14}.Debug|Any CPU.Build.0 = Debug|Any CPU
		{B1CA8A68-B787-4137-B839-40523B418A14}.Release|Any CPU.ActiveCfg = Release|Any CPU
		{B1CA8A68-B787-4137-B839-40523B418A14}.Release|Any CPU.Build.0 = Release|Any CPU
	EndGlobalSection
	GlobalSection(SolutionProperties) = preSolution
		HideSolutionNode = FALSE
	EndGlobalSection
	GlobalSection(ExtensibilityGlobals) = postSolution
		SolutionGuid = {4A9DF04F-48E4-44E0-ADC0-0D2809920285}
	EndGlobalSection
EndGlobal
